
Microsoft Visual Studio Solution File, Format Version 12.00
# Visual Studio Version 17
VisualStudioVersion = 17.5.33627.172
MinimumVisualStudioVersion = 10.0.40219.1
Project("{9A19103F-16F7-4668-BE54-9A1E7A4F7556}") = "Projeto_Web_Lh_Pets_versão_1", "Projeto_Web_Lh_Pets_versão_1.csproj", "{0AD18226-FC9E-4322-A898-A21399D32328}"
EndProject
Global
	GlobalSection(SolutionConfigurationPlatforms) = preSolution
		Debug|Any CPU = Debug|Any CPU
		Release|Any CPU = Release|Any CPU
	EndGlobalSection
	GlobalSection(ProjectConfigurationPlatforms) = postSolution
		{0AD18226-FC9E-4322-A898-A21399D32328}.Debug|Any CPU.ActiveCfg = Debug|Any CPU
		{0AD18226-FC9E-4322-A898-A21399D32328}.Debug|Any CPU.Build.0 = Debug|Any CPU
		{0AD18226-FC9E-4322-A898-A21399D32328}.Release|Any CPU.ActiveCfg = Release|Any CPU
		{0AD18226-FC9E-4322-A898-A21399D32328}.Release|Any CPU.Build.0 = Release|Any CPU
	EndGlobalSection
	GlobalSection(SolutionProperties) = preSolution
		HideSolutionNode = FALSE
	EndGlobalSection
	GlobalSection(ExtensibilityGlobals) = postSolution
		SolutionGuid = {865B9D8E-02CB-457C-BF6F-7FF32585AAE3}
	EndGlobalSection
EndGlobal
